
Microsoft Visual Studio Solution File, Format Version 12.00
# Visual Studio Version 17
VisualStudioVersion = 17.0.31903.59
MinimumVisualStudioVersion = 10.0.40219.1
Project("{9A19103F-16F7-4668-BE54-9A1E7A4F7556}") = "GrpcMessageNode", "GrpcMessage\GrpcMessageNode.csproj", "{E55ED87C-0EE4-4A4C-BBBB-76CBF482188D}"
EndProject
Project("{9A19103F-16F7-4668-BE54-9A1E7A4F7556}") = "GRPCMessageGenerator", "MessageGeneratorGRPC\GRPCMessageGenerator.csproj", "{494712AB-C5A0-4525-81AE-DD203F249CB9}"
EndProject
Project("{9A19103F-16F7-4668-BE54-9A1E7A4F7556}") = "Scheduler", "QueuerNode\Scheduler.csproj", "{676D9604-4597-4935-826A-7F054FD5936A}"
EndProject
Project("{9A19103F-16F7-4668-BE54-9A1E7A4F7556}") = "HTTPMessageNode", "HTTPMessageNode\HTTPMessageNode.csproj", "{79828C38-A68B-4340-9F93-D55C5DCC203A}"
EndProject
Project("{9A19103F-16F7-4668-BE54-9A1E7A4F7556}") = "HTTPMessageGenerator", "HTTPMessageGenerator\HTTPMessageGenerator.csproj", "{C008AEEB-FD9F-4D59-B047-A77BD058C12F}"
EndProject
Project("{9A19103F-16F7-4668-BE54-9A1E7A4F7556}") = "Validator", "Validator\Validator.csproj", "{D2C3ADDD-BA47-473C-A761-1CE5B1EE6407}"
EndProject
Project("{9A19103F-16F7-4668-BE54-9A1E7A4F7556}") = "SimpleStreamConsumerTest", "SimpleStreamConsumerTest\SimpleStreamConsumerTest.csproj", "{8F51B680-F3B6-4892-B854-2E2AF840CD71}"
EndProject
Project("{9A19103F-16F7-4668-BE54-9A1E7A4F7556}") = "ManualStreamConsumer", "ManualStreamConsumer\ManualStreamConsumer.csproj", "{1BF34FA7-E2A8-4FAC-A7A5-D57264B98B98}"
EndProject
Project("{FAE04EC0-301F-11D3-BF4B-00C04F79EFBC}") = "PriorityStream", "PriorityStream\PriorityStream.csproj", "{4F286608-7770-4511-BF37-2B94F5351D42}"
EndProject
Global
	GlobalSection(SolutionConfigurationPlatforms) = preSolution
		Debug|Any CPU = Debug|Any CPU
		Release|Any CPU = Release|Any CPU
	EndGlobalSection
	GlobalSection(ProjectConfigurationPlatforms) = postSolution
		{E55ED87C-0EE4-4A4C-BBBB-76CBF482188D}.Debug|Any CPU.ActiveCfg = Debug|Any CPU
		{E55ED87C-0EE4-4A4C-BBBB-76CBF482188D}.Debug|Any CPU.Build.0 = Debug|Any CPU
		{E55ED87C-0EE4-4A4C-BBBB-76CBF482188D}.Release|Any CPU.ActiveCfg = Release|Any CPU
		{E55ED87C-0EE4-4A4C-BBBB-76CBF482188D}.Release|Any CPU.Build.0 = Release|Any CPU
		{494712AB-C5A0-4525-81AE-DD203F249CB9}.Debug|Any CPU.ActiveCfg = Debug|Any CPU
		{494712AB-C5A0-4525-81AE-DD203F249CB9}.Debug|Any CPU.Build.0 = Debug|Any CPU
		{494712AB-C5A0-4525-81AE-DD203F249CB9}.Release|Any CPU.ActiveCfg = Release|Any CPU
		{494712AB-C5A0-4525-81AE-DD203F249CB9}.Release|Any CPU.Build.0 = Release|Any CPU
		{676D9604-4597-4935-826A-7F054FD5936A}.Debug|Any CPU.ActiveCfg = Debug|Any CPU
		{676D9604-4597-4935-826A-7F054FD5936A}.Debug|Any CPU.Build.0 = Debug|Any CPU
		{676D9604-4597-4935-826A-7F054FD5936A}.Release|Any CPU.ActiveCfg = Release|Any CPU
		{676D9604-4597-4935-826A-7F054FD5936A}.Release|Any CPU.Build.0 = Release|Any CPU
		{79828C38-A68B-4340-9F93-D55C5DCC203A}.Debug|Any CPU.ActiveCfg = Debug|Any CPU
		{79828C38-A68B-4340-9F93-D55C5DCC203A}.Debug|Any CPU.Build.0 = Debug|Any CPU
		{79828C38-A68B-4340-9F93-D55C5DCC203A}.Release|Any CPU.ActiveCfg = Release|Any CPU
		{79828C38-A68B-4340-9F93-D55C5DCC203A}.Release|Any CPU.Build.0 = Release|Any CPU
		{C008AEEB-FD9F-4D59-B047-A77BD058C12F}.Debug|Any CPU.ActiveCfg = Debug|Any CPU
		{C008AEEB-FD9F-4D59-B047-A77BD058C12F}.Debug|Any CPU.Build.0 = Debug|Any CPU
		{C008AEEB-FD9F-4D59-B047-A77BD058C12F}.Release|Any CPU.ActiveCfg = Release|Any CPU
		{C008AEEB-FD9F-4D59-B047-A77BD058C12F}.Release|Any CPU.Build.0 = Release|Any CPU
		{D2C3ADDD-BA47-473C-A761-1CE5B1EE6407}.Debug|Any CPU.ActiveCfg = Debug|Any CPU
		{D2C3ADDD-BA47-473C-A761-1CE5B1EE6407}.Debug|Any CPU.Build.0 = Debug|Any CPU
		{D2C3ADDD-BA47-473C-A761-1CE5B1EE6407}.Release|Any CPU.ActiveCfg = Release|Any CPU
		{D2C3ADDD-BA47-473C-A761-1CE5B1EE6407}.Release|Any CPU.Build.0 = Release|Any CPU
		{8F51B680-F3B6-4892-B854-2E2AF840CD71}.Debug|Any CPU.ActiveCfg = Debug|Any CPU
		{8F51B680-F3B6-4892-B854-2E2AF840CD71}.Debug|Any CPU.Build.0 = Debug|Any CPU
		{8F51B680-F3B6-4892-B854-2E2AF840CD71}.Release|Any CPU.ActiveCfg = Release|Any CPU
		{8F51B680-F3B6-4892-B854-2E2AF840CD71}.Release|Any CPU.Build.0 = Release|Any CPU
		{1BF34FA7-E2A8-4FAC-A7A5-D57264B98B98}.Debug|Any CPU.ActiveCfg = Debug|Any CPU
		{1BF34FA7-E2A8-4FAC-A7A5-D57264B98B98}.Debug|Any CPU.Build.0 = Debug|Any CPU
		{1BF34FA7-E2A8-4FAC-A7A5-D57264B98B98}.Release|Any CPU.ActiveCfg = Release|Any CPU
		{1BF34FA7-E2A8-4FAC-A7A5-D57264B98B98}.Release|Any CPU.Build.0 = Release|Any CPU
		{4F286608-7770-4511-BF37-2B94F5351D42}.Debug|Any CPU.ActiveCfg = Debug|Any CPU
		{4F286608-7770-4511-BF37-2B94F5351D42}.Debug|Any CPU.Build.0 = Debug|Any CPU
		{4F286608-7770-4511-BF37-2B94F5351D42}.Release|Any CPU.ActiveCfg = Release|Any CPU
		{4F286608-7770-4511-BF37-2B94F5351D42}.Release|Any CPU.Build.0 = Release|Any CPU
	EndGlobalSection
	GlobalSection(SolutionProperties) = preSolution
		HideSolutionNode = FALSE
	EndGlobalSection
	GlobalSection(ExtensibilityGlobals) = postSolution
		SolutionGuid = {5DAC96A7-C9A0-41B1-8754-72EC8892C796}
	EndGlobalSection
EndGlobal
